
Microsoft Visual Studio Solution File, Format Version 12.00
# Visual Studio Version 17
VisualStudioVersion = 17.8.34322.80
MinimumVisualStudioVersion = 10.0.40219.1
Project("{2150E333-8FDC-42A3-9474-1A3956D46DE8}") = "src", "src", "{727EF010-B31F-47EC-B3D0-BDEC7325E076}"
EndProject
Project("{2150E333-8FDC-42A3-9474-1A3956D46DE8}") = "Api", "Api", "{C45E725E-D842-4506-BAA1-7775B5573C44}"
EndProject
Project("{2150E333-8FDC-42A3-9474-1A3956D46DE8}") = "Core", "Core", "{5F00E64B-CBAB-405C-A5C6-BEA4CA9B80B4}"
EndProject
Project("{2150E333-8FDC-42A3-9474-1A3956D46DE8}") = "Infastructure", "Infastructure", "{A39EEFA4-7C36-4C32-AE30-7C45929B0773}"
EndProject
Project("{2150E333-8FDC-42A3-9474-1A3956D46DE8}") = "WebApi", "WebApi", "{DA8C76AB-432F-4E3F-9155-0A0B6ACF77D5}"
EndProject
Project("{9A19103F-16F7-4668-BE54-9A1E7A4F7556}") = "BlazorSozluk.Api.Domain", "src\Api\Core\BlazorSozluk.Api.Domain\BlazorSozluk.Api.Domain.csproj", "{66C591A2-86C8-455B-926B-8BCD51E9FCB9}"
EndProject
Project("{9A19103F-16F7-4668-BE54-9A1E7A4F7556}") = "BlazorSozluk.Api.Application", "src\Api\Core\BlazorSozluk.Api.Application\BlazorSozluk.Api.Application\BlazorSozluk.Api.Application.csproj", "{3A0A15F5-0F97-4E5D-85DC-901838B38274}"
EndProject
Project("{2150E333-8FDC-42A3-9474-1A3956D46DE8}") = "Common", "Common", "{8F1B09FB-7693-4518-9DD5-DE884BF362B5}"
EndProject
Project("{9A19103F-16F7-4668-BE54-9A1E7A4F7556}") = "BlazorSozluk.Common", "src\Common\BlazorSozluk.Common\BlazorSozluk.Common.csproj", "{DF2231D1-B43E-40E3-8379-BA9B85BBDE89}"
EndProject
Project("{9A19103F-16F7-4668-BE54-9A1E7A4F7556}") = "BlazorSozluk.Infrastructure.Persistence", "src\Api\Infrastructure\BlazorSozluk.Infrastructure.Persistence\BlazorSozluk.Infrastructure.Persistence.csproj", "{90912AAA-CF99-49D4-940A-6EFD6460F3A4}"
EndProject
Project("{2150E333-8FDC-42A3-9474-1A3956D46DE8}") = "Clients", "Clients", "{C2C69625-3E1B-4176-BCE6-B130F76314DE}"
EndProject
Project("{2150E333-8FDC-42A3-9474-1A3956D46DE8}") = "Projections", "Projections", "{CD9DD767-CA94-43FC-9D0E-4B1B5D5FC05A}"
EndProject
Project("{2150E333-8FDC-42A3-9474-1A3956D46DE8}") = "BlazorWeb", "BlazorWeb", "{EFA2CFCB-A5F6-4294-A52C-FF369F26A9D5}"
EndProject
Project("{FAE04EC0-301F-11D3-BF4B-00C04F79EFBC}") = "BlazorSozluk.Api.WebApi", "src\Api\WebApi\BlazorSozluk.Api.WebApi\BlazorSozluk.Api.WebApi.csproj", "{5490E7F0-AD2C-49AC-9BB1-6FA439416153}"
EndProject
Project("{FAE04EC0-301F-11D3-BF4B-00C04F79EFBC}") = "BlazorSozluk.Projections.FavoriteService", "src\Projections\BlazorSozluk.Projections.FavoriteService\BlazorSozluk.Projections.FavoriteService.csproj", "{68AED77F-C27A-4727-94A4-4FBF13EA6F35}"
EndProject
Project("{FAE04EC0-301F-11D3-BF4B-00C04F79EFBC}") = "BlazorSozluk.Projections.UserService", "src\Projections\BlazorSozluk.Projections.UserService\BlazorSozluk.Projections.UserService.csproj", "{7BD3D0D4-A267-4525-A4B9-B0080B2EEACF}"
EndProject
Project("{FAE04EC0-301F-11D3-BF4B-00C04F79EFBC}") = "BlazorSozluk.Projections.VoteService", "src\Projections\BlazorSozluk.Projections.VoteService\BlazorSozluk.Projections.VoteService.csproj", "{0911FC66-5805-430F-A6AF-FF14D01821C3}"
EndProject
Project("{FAE04EC0-301F-11D3-BF4B-00C04F79EFBC}") = "BlazorSozluk.Clients.WebApp", "src\Clients\BlazorWeb\BlazorSozluk.Clients.WebApp\BlazorSozluk.Clients.WebApp.csproj", "{7E30DA9A-C36D-4695-8A57-E72F02DCD8DA}"
EndProject
Global
	GlobalSection(SolutionConfigurationPlatforms) = preSolution
		Debug|Any CPU = Debug|Any CPU
		Release|Any CPU = Release|Any CPU
	EndGlobalSection
	GlobalSection(ProjectConfigurationPlatforms) = postSolution
		{66C591A2-86C8-455B-926B-8BCD51E9FCB9}.Debug|Any CPU.ActiveCfg = Debug|Any CPU
		{66C591A2-86C8-455B-926B-8BCD51E9FCB9}.Debug|Any CPU.Build.0 = Debug|Any CPU
		{66C591A2-86C8-455B-926B-8BCD51E9FCB9}.Release|Any CPU.ActiveCfg = Release|Any CPU
		{66C591A2-86C8-455B-926B-8BCD51E9FCB9}.Release|Any CPU.Build.0 = Release|Any CPU
		{3A0A15F5-0F97-4E5D-85DC-901838B38274}.Debug|Any CPU.ActiveCfg = Debug|Any CPU
		{3A0A15F5-0F97-4E5D-85DC-901838B38274}.Debug|Any CPU.Build.0 = Debug|Any CPU
		{3A0A15F5-0F97-4E5D-85DC-901838B38274}.Release|Any CPU.ActiveCfg = Release|Any CPU
		{3A0A15F5-0F97-4E5D-85DC-901838B38274}.Release|Any CPU.Build.0 = Release|Any CPU
		{DF2231D1-B43E-40E3-8379-BA9B85BBDE89}.Debug|Any CPU.ActiveCfg = Debug|Any CPU
		{DF2231D1-B43E-40E3-8379-BA9B85BBDE89}.Debug|Any CPU.Build.0 = Debug|Any CPU
		{DF2231D1-B43E-40E3-8379-BA9B85BBDE89}.Release|Any CPU.ActiveCfg = Release|Any CPU
		{DF2231D1-B43E-40E3-8379-BA9B85BBDE89}.Release|Any CPU.Build.0 = Release|Any CPU
		{90912AAA-CF99-49D4-940A-6EFD6460F3A4}.Debug|Any CPU.ActiveCfg = Debug|Any CPU
		{90912AAA-CF99-49D4-940A-6EFD6460F3A4}.Debug|Any CPU.Build.0 = Debug|Any CPU
		{90912AAA-CF99-49D4-940A-6EFD6460F3A4}.Release|Any CPU.ActiveCfg = Release|Any CPU
		{90912AAA-CF99-49D4-940A-6EFD6460F3A4}.Release|Any CPU.Build.0 = Release|Any CPU
		{5490E7F0-AD2C-49AC-9BB1-6FA439416153}.Debug|Any CPU.ActiveCfg = Debug|Any CPU
		{5490E7F0-AD2C-49AC-9BB1-6FA439416153}.Debug|Any CPU.Build.0 = Debug|Any CPU
		{5490E7F0-AD2C-49AC-9BB1-6FA439416153}.Release|Any CPU.ActiveCfg = Release|Any CPU
		{5490E7F0-AD2C-49AC-9BB1-6FA439416153}.Release|Any CPU.Build.0 = Release|Any CPU
		{68AED77F-C27A-4727-94A4-4FBF13EA6F35}.Debug|Any CPU.ActiveCfg = Debug|Any CPU
		{68AED77F-C27A-4727-94A4-4FBF13EA6F35}.Debug|Any CPU.Build.0 = Debug|Any CPU
		{68AED77F-C27A-4727-94A4-4FBF13EA6F35}.Release|Any CPU.ActiveCfg = Release|Any CPU
		{68AED77F-C27A-4727-94A4-4FBF13EA6F35}.Release|Any CPU.Build.0 = Release|Any CPU
		{7BD3D0D4-A267-4525-A4B9-B0080B2EEACF}.Debug|Any CPU.ActiveCfg = Debug|Any CPU
		{7BD3D0D4-A267-4525-A4B9-B0080B2EEACF}.Debug|Any CPU.Build.0 = Debug|Any CPU
		{7BD3D0D4-A267-4525-A4B9-B0080B2EEACF}.Release|Any CPU.ActiveCfg = Release|Any CPU
		{7BD3D0D4-A267-4525-A4B9-B0080B2EEACF}.Release|Any CPU.Build.0 = Release|Any CPU
		{0911FC66-5805-430F-A6AF-FF14D01821C3}.Debug|Any CPU.ActiveCfg = Debug|Any CPU
		{0911FC66-5805-430F-A6AF-FF14D01821C3}.Debug|Any CPU.Build.0 = Debug|Any CPU
		{0911FC66-5805-430F-A6AF-FF14D01821C3}.Release|Any CPU.ActiveCfg = Release|Any CPU
		{0911FC66-5805-430F-A6AF-FF14D01821C3}.Release|Any CPU.Build.0 = Release|Any CPU
		{7E30DA9A-C36D-4695-8A57-E72F02DCD8DA}.Debug|Any CPU.ActiveCfg = Debug|Any CPU
		{7E30DA9A-C36D-4695-8A57-E72F02DCD8DA}.Debug|Any CPU.Build.0 = Debug|Any CPU
		{7E30DA9A-C36D-4695-8A57-E72F02DCD8DA}.Release|Any CPU.ActiveCfg = Release|Any CPU
		{7E30DA9A-C36D-4695-8A57-E72F02DCD8DA}.Release|Any CPU.Build.0 = Release|Any CPU
	EndGlobalSection
	GlobalSection(SolutionProperties) = preSolution
		HideSolutionNode = FALSE
	EndGlobalSection
	GlobalSection(NestedProjects) = preSolution
		{C45E725E-D842-4506-BAA1-7775B5573C44} = {727EF010-B31F-47EC-B3D0-BDEC7325E076}
		{5F00E64B-CBAB-405C-A5C6-BEA4CA9B80B4} = {C45E725E-D842-4506-BAA1-7775B5573C44}
		{A39EEFA4-7C36-4C32-AE30-7C45929B0773} = {C45E725E-D842-4506-BAA1-7775B5573C44}
		{DA8C76AB-432F-4E3F-9155-0A0B6ACF77D5} = {C45E725E-D842-4506-BAA1-7775B5573C44}
		{66C591A2-86C8-455B-926B-8BCD51E9FCB9} = {5F00E64B-CBAB-405C-A5C6-BEA4CA9B80B4}
		{3A0A15F5-0F97-4E5D-85DC-901838B38274} = {5F00E64B-CBAB-405C-A5C6-BEA4CA9B80B4}
		{8F1B09FB-7693-4518-9DD5-DE884BF362B5} = {727EF010-B31F-47EC-B3D0-BDEC7325E076}
		{DF2231D1-B43E-40E3-8379-BA9B85BBDE89} = {8F1B09FB-7693-4518-9DD5-DE884BF362B5}
		{90912AAA-CF99-49D4-940A-6EFD6460F3A4} = {A39EEFA4-7C36-4C32-AE30-7C45929B0773}
		{C2C69625-3E1B-4176-BCE6-B130F76314DE} = {727EF010-B31F-47EC-B3D0-BDEC7325E076}
		{CD9DD767-CA94-43FC-9D0E-4B1B5D5FC05A} = {727EF010-B31F-47EC-B3D0-BDEC7325E076}
		{EFA2CFCB-A5F6-4294-A52C-FF369F26A9D5} = {C2C69625-3E1B-4176-BCE6-B130F76314DE}
		{5490E7F0-AD2C-49AC-9BB1-6FA439416153} = {DA8C76AB-432F-4E3F-9155-0A0B6ACF77D5}
		{68AED77F-C27A-4727-94A4-4FBF13EA6F35} = {CD9DD767-CA94-43FC-9D0E-4B1B5D5FC05A}
		{7BD3D0D4-A267-4525-A4B9-B0080B2EEACF} = {CD9DD767-CA94-43FC-9D0E-4B1B5D5FC05A}
		{0911FC66-5805-430F-A6AF-FF14D01821C3} = {CD9DD767-CA94-43FC-9D0E-4B1B5D5FC05A}
		{7E30DA9A-C36D-4695-8A57-E72F02DCD8DA} = {EFA2CFCB-A5F6-4294-A52C-FF369F26A9D5}
	EndGlobalSection
	GlobalSection(ExtensibilityGlobals) = postSolution
		SolutionGuid = {FAEDCEDB-166F-4D6C-ABE3-EF0146EB005E}
	EndGlobalSection
EndGlobal
